{
  "name": "01-react",
  "version": "0.5.0",
  "lockfileVersion": 1,
  "requires": true,
  "dependencies": {
    "00-components": {
      "version": "0.5.0",
      "resolved": "https://registry.npmjs.org/00-components/-/00-components-0.5.0.tgz",
      "integrity": "sha512-g9oGt7rDcgWRdZA1Yvny/5ulhQKsj5CSPyAKOgrQ7TxvTtFPiiqz8NqThg7aB9+v/coc5RFMk26zhKTRrW2sKg==",
      "dev": true
    }
  }
}
